
Microsoft Visual Studio Solution File, Format Version 12.00
# Visual Studio Version 17
VisualStudioVersion = 17.5.33424.131
MinimumVisualStudioVersion = 10.0.40219.1
Project("{FAE04EC0-301F-11D3-BF4B-00C04F79EFBC}") = "clubMemberIndexer", "clubMemberIndexer.csproj", "{CA24D1A1-AD47-45FC-B5C6-CBD3665A5EFD}"
EndProject
Global
	GlobalSection(SolutionConfigurationPlatforms) = preSolution
		Debug|Any CPU = Debug|Any CPU
		Release|Any CPU = Release|Any CPU
	EndGlobalSection
	GlobalSection(ProjectConfigurationPlatforms) = postSolution
		{CA24D1A1-AD47-45FC-B5C6-CBD3665A5EFD}.Debug|Any CPU.ActiveCfg = Debug|Any CPU
		{CA24D1A1-AD47-45FC-B5C6-CBD3665A5EFD}.Debug|Any CPU.Build.0 = Debug|Any CPU
		{CA24D1A1-AD47-45FC-B5C6-CBD3665A5EFD}.Release|Any CPU.ActiveCfg = Release|Any CPU
		{CA24D1A1-AD47-45FC-B5C6-CBD3665A5EFD}.Release|Any CPU.Build.0 = Release|Any CPU
	EndGlobalSection
	GlobalSection(SolutionProperties) = preSolution
		HideSolutionNode = FALSE
	EndGlobalSection
	GlobalSection(ExtensibilityGlobals) = postSolution
		SolutionGuid = {997F9D73-4D6C-441E-AF99-11BC9A7287CD}
	EndGlobalSection
EndGlobal
