
Microsoft Visual Studio Solution File, Format Version 12.00
# Visual Studio Version 17
VisualStudioVersion = 17.4.33213.308
MinimumVisualStudioVersion = 10.0.40219.1
Project("{FAE04EC0-301F-11D3-BF4B-00C04F79EFBC}") = "bookStoreRecord", "bookStoreRecord.csproj", "{E55C4E50-FB68-4955-A24B-EA09332AD33C}"
EndProject
Global
	GlobalSection(SolutionConfigurationPlatforms) = preSolution
		Debug|Any CPU = Debug|Any CPU
		Release|Any CPU = Release|Any CPU
	EndGlobalSection
	GlobalSection(ProjectConfigurationPlatforms) = postSolution
		{E55C4E50-FB68-4955-A24B-EA09332AD33C}.Debug|Any CPU.ActiveCfg = Debug|Any CPU
		{E55C4E50-FB68-4955-A24B-EA09332AD33C}.Debug|Any CPU.Build.0 = Debug|Any CPU
		{E55C4E50-FB68-4955-A24B-EA09332AD33C}.Release|Any CPU.ActiveCfg = Release|Any CPU
		{E55C4E50-FB68-4955-A24B-EA09332AD33C}.Release|Any CPU.Build.0 = Release|Any CPU
	EndGlobalSection
	GlobalSection(SolutionProperties) = preSolution
		HideSolutionNode = FALSE
	EndGlobalSection
	GlobalSection(ExtensibilityGlobals) = postSolution
		SolutionGuid = {CFD81435-329F-4905-A0BD-8CCC7D0DE72A}
	EndGlobalSection
EndGlobal
