
Microsoft Visual Studio Solution File, Format Version 12.00
# Visual Studio Version 17
VisualStudioVersion = 17.5.33424.131
MinimumVisualStudioVersion = 10.0.40219.1
Project("{FAE04EC0-301F-11D3-BF4B-00C04F79EFBC}") = "GenericAnimalClass", "GenericAnimalClass.csproj", "{445E257A-957B-4DC7-8BDA-79A7278D6F78}"
EndProject
Global
	GlobalSection(SolutionConfigurationPlatforms) = preSolution
		Debug|Any CPU = Debug|Any CPU
		Release|Any CPU = Release|Any CPU
	EndGlobalSection
	GlobalSection(ProjectConfigurationPlatforms) = postSolution
		{445E257A-957B-4DC7-8BDA-79A7278D6F78}.Debug|Any CPU.ActiveCfg = Debug|Any CPU
		{445E257A-957B-4DC7-8BDA-79A7278D6F78}.Debug|Any CPU.Build.0 = Debug|Any CPU
		{445E257A-957B-4DC7-8BDA-79A7278D6F78}.Release|Any CPU.ActiveCfg = Release|Any CPU
		{445E257A-957B-4DC7-8BDA-79A7278D6F78}.Release|Any CPU.Build.0 = Release|Any CPU
	EndGlobalSection
	GlobalSection(SolutionProperties) = preSolution
		HideSolutionNode = FALSE
	EndGlobalSection
	GlobalSection(ExtensibilityGlobals) = postSolution
		SolutionGuid = {1A243E4F-4179-4A4B-B01A-06EE3CE4B8BF}
	EndGlobalSection
EndGlobal
